
Microsoft Visual Studio Solution File, Format Version 12.00
# Visual Studio Version 16
VisualStudioVersion = 16.0.30611.23
MinimumVisualStudioVersion = 10.0.40219.1
Project("{9A19103F-16F7-4668-BE54-9A1E7A4F7556}") = "Cycle1", "Cycle1\Cycle1.csproj", "{4F98F960-DB48-423C-AE54-BF50FBF74FF5}"
EndProject
Project("{9A19103F-16F7-4668-BE54-9A1E7A4F7556}") = "MyLib", "MyLib\MyLib.csproj", "{33E55E01-7B80-4B02-8E6E-EAE3CF2B3AC3}"
EndProject
Project("{9A19103F-16F7-4668-BE54-9A1E7A4F7556}") = "Cycle2", "Cycle2\Cycle2.csproj", "{FADBE0D2-A8DD-4BED-81F9-6C2E135C95EC}"
EndProject
Project("{9A19103F-16F7-4668-BE54-9A1E7A4F7556}") = "Cycle3", "Cycle3\Cycle3.csproj", "{2E950442-4B81-4F13-922B-35B93BE20C6A}"
EndProject
Project("{9A19103F-16F7-4668-BE54-9A1E7A4F7556}") = "Cycle4", "Cycle4\Cycle4.csproj", "{A34FFD9E-A223-4362-A58C-B187981BB9E2}"
EndProject
Project("{FAE04EC0-301F-11D3-BF4B-00C04F79EFBC}") = "Cycle5", "Cycle5\Cycle5.csproj", "{5E008C81-C742-4CEB-893C-7BA3884C409A}"
EndProject
Project("{FAE04EC0-301F-11D3-BF4B-00C04F79EFBC}") = "Cycle6", "Cycle6\Cycle6.csproj", "{69117107-156F-4FF3-ABC9-9D91299D4DBB}"
EndProject
Project("{FAE04EC0-301F-11D3-BF4B-00C04F79EFBC}") = "Cycle7", "Cycle7\Cycle7.csproj", "{5308A9EC-65A0-40CD-9EA9-6356FF3110E0}"
EndProject
Project("{FAE04EC0-301F-11D3-BF4B-00C04F79EFBC}") = "Cycle8", "Cycle8\Cycle8.csproj", "{24378E28-A253-498F-A273-206789BE8FDD}"
EndProject
Project("{FAE04EC0-301F-11D3-BF4B-00C04F79EFBC}") = "Cycle9", "Cycle9\Cycle9.csproj", "{7CD9D534-4EE1-4D32-85D1-FB97C01C3B29}"
EndProject
Project("{FAE04EC0-301F-11D3-BF4B-00C04F79EFBC}") = "Cycle10", "Cycle10\Cycle10.csproj", "{3466537F-E742-4734-B159-13EC8EC95775}"
EndProject
Project("{FAE04EC0-301F-11D3-BF4B-00C04F79EFBC}") = "Cycle11", "Cycle11\Cycle11.csproj", "{264BE603-9D95-42B4-93E0-291B13976BFF}"
EndProject
Project("{FAE04EC0-301F-11D3-BF4B-00C04F79EFBC}") = "Cycle12", "Cycle12\Cycle12.csproj", "{448FA383-A405-48A9-8330-2D3EA0C6C6DC}"
EndProject
Global
	GlobalSection(SolutionConfigurationPlatforms) = preSolution
		Debug|Any CPU = Debug|Any CPU
		Release|Any CPU = Release|Any CPU
	EndGlobalSection
	GlobalSection(ProjectConfigurationPlatforms) = postSolution
		{4F98F960-DB48-423C-AE54-BF50FBF74FF5}.Debug|Any CPU.ActiveCfg = Debug|Any CPU
		{4F98F960-DB48-423C-AE54-BF50FBF74FF5}.Debug|Any CPU.Build.0 = Debug|Any CPU
		{4F98F960-DB48-423C-AE54-BF50FBF74FF5}.Release|Any CPU.ActiveCfg = Release|Any CPU
		{4F98F960-DB48-423C-AE54-BF50FBF74FF5}.Release|Any CPU.Build.0 = Release|Any CPU
		{33E55E01-7B80-4B02-8E6E-EAE3CF2B3AC3}.Debug|Any CPU.ActiveCfg = Debug|Any CPU
		{33E55E01-7B80-4B02-8E6E-EAE3CF2B3AC3}.Debug|Any CPU.Build.0 = Debug|Any CPU
		{33E55E01-7B80-4B02-8E6E-EAE3CF2B3AC3}.Release|Any CPU.ActiveCfg = Release|Any CPU
		{33E55E01-7B80-4B02-8E6E-EAE3CF2B3AC3}.Release|Any CPU.Build.0 = Release|Any CPU
		{FADBE0D2-A8DD-4BED-81F9-6C2E135C95EC}.Debug|Any CPU.ActiveCfg = Debug|Any CPU
		{FADBE0D2-A8DD-4BED-81F9-6C2E135C95EC}.Debug|Any CPU.Build.0 = Debug|Any CPU
		{FADBE0D2-A8DD-4BED-81F9-6C2E135C95EC}.Release|Any CPU.ActiveCfg = Release|Any CPU
		{FADBE0D2-A8DD-4BED-81F9-6C2E135C95EC}.Release|Any CPU.Build.0 = Release|Any CPU
		{2E950442-4B81-4F13-922B-35B93BE20C6A}.Debug|Any CPU.ActiveCfg = Debug|Any CPU
		{2E950442-4B81-4F13-922B-35B93BE20C6A}.Debug|Any CPU.Build.0 = Debug|Any CPU
		{2E950442-4B81-4F13-922B-35B93BE20C6A}.Release|Any CPU.ActiveCfg = Release|Any CPU
		{2E950442-4B81-4F13-922B-35B93BE20C6A}.Release|Any CPU.Build.0 = Release|Any CPU
		{A34FFD9E-A223-4362-A58C-B187981BB9E2}.Debug|Any CPU.ActiveCfg = Debug|Any CPU
		{A34FFD9E-A223-4362-A58C-B187981BB9E2}.Debug|Any CPU.Build.0 = Debug|Any CPU
		{A34FFD9E-A223-4362-A58C-B187981BB9E2}.Release|Any CPU.ActiveCfg = Release|Any CPU
		{A34FFD9E-A223-4362-A58C-B187981BB9E2}.Release|Any CPU.Build.0 = Release|Any CPU
		{5E008C81-C742-4CEB-893C-7BA3884C409A}.Debug|Any CPU.ActiveCfg = Debug|Any CPU
		{5E008C81-C742-4CEB-893C-7BA3884C409A}.Debug|Any CPU.Build.0 = Debug|Any CPU
		{5E008C81-C742-4CEB-893C-7BA3884C409A}.Release|Any CPU.ActiveCfg = Release|Any CPU
		{5E008C81-C742-4CEB-893C-7BA3884C409A}.Release|Any CPU.Build.0 = Release|Any CPU
		{69117107-156F-4FF3-ABC9-9D91299D4DBB}.Debug|Any CPU.ActiveCfg = Debug|Any CPU
		{69117107-156F-4FF3-ABC9-9D91299D4DBB}.Debug|Any CPU.Build.0 = Debug|Any CPU
		{69117107-156F-4FF3-ABC9-9D91299D4DBB}.Release|Any CPU.ActiveCfg = Release|Any CPU
		{69117107-156F-4FF3-ABC9-9D91299D4DBB}.Release|Any CPU.Build.0 = Release|Any CPU
		{5308A9EC-65A0-40CD-9EA9-6356FF3110E0}.Debug|Any CPU.ActiveCfg = Debug|Any CPU
		{5308A9EC-65A0-40CD-9EA9-6356FF3110E0}.Debug|Any CPU.Build.0 = Debug|Any CPU
		{5308A9EC-65A0-40CD-9EA9-6356FF3110E0}.Release|Any CPU.ActiveCfg = Release|Any CPU
		{5308A9EC-65A0-40CD-9EA9-6356FF3110E0}.Release|Any CPU.Build.0 = Release|Any CPU
		{24378E28-A253-498F-A273-206789BE8FDD}.Debug|Any CPU.ActiveCfg = Debug|Any CPU
		{24378E28-A253-498F-A273-206789BE8FDD}.Debug|Any CPU.Build.0 = Debug|Any CPU
		{24378E28-A253-498F-A273-206789BE8FDD}.Release|Any CPU.ActiveCfg = Release|Any CPU
		{24378E28-A253-498F-A273-206789BE8FDD}.Release|Any CPU.Build.0 = Release|Any CPU
		{7CD9D534-4EE1-4D32-85D1-FB97C01C3B29}.Debug|Any CPU.ActiveCfg = Debug|Any CPU
		{7CD9D534-4EE1-4D32-85D1-FB97C01C3B29}.Debug|Any CPU.Build.0 = Debug|Any CPU
		{7CD9D534-4EE1-4D32-85D1-FB97C01C3B29}.Release|Any CPU.ActiveCfg = Release|Any CPU
		{7CD9D534-4EE1-4D32-85D1-FB97C01C3B29}.Release|Any CPU.Build.0 = Release|Any CPU
		{3466537F-E742-4734-B159-13EC8EC95775}.Debug|Any CPU.ActiveCfg = Debug|Any CPU
		{3466537F-E742-4734-B159-13EC8EC95775}.Debug|Any CPU.Build.0 = Debug|Any CPU
		{3466537F-E742-4734-B159-13EC8EC95775}.Release|Any CPU.ActiveCfg = Release|Any CPU
		{3466537F-E742-4734-B159-13EC8EC95775}.Release|Any CPU.Build.0 = Release|Any CPU
		{264BE603-9D95-42B4-93E0-291B13976BFF}.Debug|Any CPU.ActiveCfg = Debug|Any CPU
		{264BE603-9D95-42B4-93E0-291B13976BFF}.Debug|Any CPU.Build.0 = Debug|Any CPU
		{264BE603-9D95-42B4-93E0-291B13976BFF}.Release|Any CPU.ActiveCfg = Release|Any CPU
		{264BE603-9D95-42B4-93E0-291B13976BFF}.Release|Any CPU.Build.0 = Release|Any CPU
		{448FA383-A405-48A9-8330-2D3EA0C6C6DC}.Debug|Any CPU.ActiveCfg = Debug|Any CPU
		{448FA383-A405-48A9-8330-2D3EA0C6C6DC}.Debug|Any CPU.Build.0 = Debug|Any CPU
		{448FA383-A405-48A9-8330-2D3EA0C6C6DC}.Release|Any CPU.ActiveCfg = Release|Any CPU
		{448FA383-A405-48A9-8330-2D3EA0C6C6DC}.Release|Any CPU.Build.0 = Release|Any CPU
	EndGlobalSection
	GlobalSection(SolutionProperties) = preSolution
		HideSolutionNode = FALSE
	EndGlobalSection
	GlobalSection(ExtensibilityGlobals) = postSolution
		SolutionGuid = {6585E66E-FA04-4554-B7A2-254B1489B72A}
	EndGlobalSection
EndGlobal
